// !$*UTF8*$!
{
	archiveVersion = 1;
	classes = {
	};
	objectVersion = 45;
	objects = {

/* Begin PBXBuildFile section */
		1DDD58160DA1D0A300B32029 /* MainMenu.xib in Resources */ = {isa = PBXBuildFile; fileRef = 1DDD58140DA1D0A300B32029 /* MainMenu.xib */; };
		256AC3DA0F4B6AC300CF3369 /* HudsonGrowlAppDelegate.m in Sources */ = {isa = PBXBuildFile; fileRef = 256AC3D90F4B6AC300CF3369 /* HudsonGrowlAppDelegate.m */; };
		4317E1A21300C92B0073CEF9 /* NSString+ListContains.m in Sources */ = {isa = PBXBuildFile; fileRef = 4317E1A11300C92B0073CEF9 /* NSString+ListContains.m */; };
		4317E1A51300C9350073CEF9 /* HudsonServer.m in Sources */ = {isa = PBXBuildFile; fileRef = 4317E1A41300C9350073CEF9 /* HudsonServer.m */; };
		4317E1A81300C9470073CEF9 /* HudsonJob.m in Sources */ = {isa = PBXBuildFile; fileRef = 4317E1A71300C9470073CEF9 /* HudsonJob.m */; };
		4317E1B413012C680073CEF9 /* NSString+Base64.m in Sources */ = {isa = PBXBuildFile; fileRef = 4317E1B313012C680073CEF9 /* NSString+Base64.m */; };
		433C0237118DC08E00A776D5 /* Gear.icns in Resources */ = {isa = PBXBuildFile; fileRef = 433C0236118DC08E00A776D5 /* Gear.icns */; };
		43590588108BB5CD006ABCD5 /* Growl.framework in Frameworks */ = {isa = PBXBuildFile; fileRef = 43590587108BB5CD006ABCD5 /* Growl.framework */; };
		435905C6108BB664006ABCD5 /* Growl.framework in CopyFiles */ = {isa = PBXBuildFile; fileRef = 43590587108BB5CD006ABCD5 /* Growl.framework */; };
		435905E8108BB6C8006ABCD5 /* HGrowl.m in Sources */ = {isa = PBXBuildFile; fileRef = 435905E7108BB6C8006ABCD5 /* HGrowl.m */; };
		43590653108BBC8D006ABCD5 /* MyController.m in Sources */ = {isa = PBXBuildFile; fileRef = 43590652108BBC8D006ABCD5 /* MyController.m */; };
		435907F4108C4CD4006ABCD5 /* HudsonResult.m in Sources */ = {isa = PBXBuildFile; fileRef = 435907F3108C4CD4006ABCD5 /* HudsonResult.m */; };
		43590873108D0607006ABCD5 /* Cancel Red Button.png in Resources */ = {isa = PBXBuildFile; fileRef = 43590871108D0607006ABCD5 /* Cancel Red Button.png */; };
		43590874108D0607006ABCD5 /* Clear Green Button.png in Resources */ = {isa = PBXBuildFile; fileRef = 43590872108D0607006ABCD5 /* Clear Green Button.png */; };
		4359087E108D087D006ABCD5 /* icon2_failure.png in Resources */ = {isa = PBXBuildFile; fileRef = 4359087B108D087D006ABCD5 /* icon2_failure.png */; };
		4359087F108D087D006ABCD5 /* icon2_success.png in Resources */ = {isa = PBXBuildFile; fileRef = 4359087C108D087D006ABCD5 /* icon2_success.png */; };
		43590880108D087D006ABCD5 /* icon2.png in Resources */ = {isa = PBXBuildFile; fileRef = 4359087D108D087D006ABCD5 /* icon2.png */; };
		43590885108D08F1006ABCD5 /* menu_failure.png in Resources */ = {isa = PBXBuildFile; fileRef = 43590883108D08F1006ABCD5 /* menu_failure.png */; };
		43590886108D08F1006ABCD5 /* menu_success.png in Resources */ = {isa = PBXBuildFile; fileRef = 43590884108D08F1006ABCD5 /* menu_success.png */; };
		43BD7F9E118DAC3C00E04E4C /* HudsonAPIQuery.m in Sources */ = {isa = PBXBuildFile; fileRef = 43BD7F9D118DAC3C00E04E4C /* HudsonAPIQuery.m */; };
		43F8E99E1300B91B00BE37CF /* SimplePing.m in Sources */ = {isa = PBXBuildFile; fileRef = 43F8E99D1300B91B00BE37CF /* SimplePing.m */; };
		8BC7EF36117791F900BBE8F3 /* SystemConfiguration.framework in Frameworks */ = {isa = PBXBuildFile; fileRef = 8BC7EF35117791F900BBE8F3 /* SystemConfiguration.framework */; };
		8D11072B0486CEB800E47090 /* InfoPlist.strings in Resources */ = {isa = PBXBuildFile; fileRef = 089C165CFE840E0CC02AAC07 /* InfoPlist.strings */; };
		8D11072D0486CEB800E47090 /* main.m in Sources */ = {isa = PBXBuildFile; fileRef = 29B97316FDCFA39411CA2CEA /* main.m */; settings = {ATTRIBUTES = (); }; };
		8D11072F0486CEB800E47090 /* Cocoa.framework in Frameworks */ = {isa = PBXBuildFile; fileRef = 1058C7A1FEA54F0111CA2CBB /* Cocoa.framework */; };
/* End PBXBuildFile section */

/* Begin PBXCopyFilesBuildPhase section */
		435905E3108BB682006ABCD5 /* CopyFiles */ = {
			isa = PBXCopyFilesBuildPhase;
			buildActionMask = 2147483647;
			dstPath = "";
			dstSubfolderSpec = 10;
			files = (
				435905C6108BB664006ABCD5 /* Growl.framework in CopyFiles */,
			);
			runOnlyForDeploymentPostprocessing = 0;
		};
/* End PBXCopyFilesBuildPhase section */

/* Begin PBXFileReference section */
		089C165DFE840E0CC02AAC07 /* English */ = {isa = PBXFileReference; fileEncoding = 4; lastKnownFileType = text.plist.strings; name = English; path = English.lproj/InfoPlist.strings; sourceTree = "<group>"; };
		1058C7A1FEA54F0111CA2CBB /* Cocoa.framework */ = {isa = PBXFileReference; lastKnownFileType = wrapper.framework; name = Cocoa.framework; path = /System/Library/Frameworks/Cocoa.framework; sourceTree = "<absolute>"; };
		13E42FB307B3F0F600E4EEF1 /* CoreData.framework */ = {isa = PBXFileReference; lastKnownFileType = wrapper.framework; name = CoreData.framework; path = /System/Library/Frameworks/CoreData.framework; sourceTree = "<absolute>"; };
		1DDD58150DA1D0A300B32029 /* English */ = {isa = PBXFileReference; lastKnownFileType = file.xib; name = English; path = English.lproj/MainMenu.xib; sourceTree = "<group>"; };
		256AC3D80F4B6AC300CF3369 /* HudsonGrowlAppDelegate.h */ = {isa = PBXFileReference; fileEncoding = 4; lastKnownFileType = sourcecode.c.h; path = HudsonGrowlAppDelegate.h; sourceTree = "<group>"; };
		256AC3D90F4B6AC300CF3369 /* HudsonGrowlAppDelegate.m */ = {isa = PBXFileReference; fileEncoding = 4; lastKnownFileType = sourcecode.c.objc; path = HudsonGrowlAppDelegate.m; sourceTree = "<group>"; };
		256AC3F00F4B6AF500CF3369 /* HudsonGrowl_Prefix.pch */ = {isa = PBXFileReference; fileEncoding = 4; lastKnownFileType = sourcecode.c.h; path = HudsonGrowl_Prefix.pch; sourceTree = "<group>"; };
		29B97316FDCFA39411CA2CEA /* main.m */ = {isa = PBXFileReference; fileEncoding = 4; lastKnownFileType = sourcecode.c.objc; path = main.m; sourceTree = "<group>"; };
		29B97324FDCFA39411CA2CEA /* AppKit.framework */ = {isa = PBXFileReference; lastKnownFileType = wrapper.framework; name = AppKit.framework; path = /System/Library/Frameworks/AppKit.framework; sourceTree = "<absolute>"; };
		29B97325FDCFA39411CA2CEA /* Foundation.framework */ = {isa = PBXFileReference; lastKnownFileType = wrapper.framework; name = Foundation.framework; path = /System/Library/Frameworks/Foundation.framework; sourceTree = "<absolute>"; };
		4317E1A01300C92B0073CEF9 /* NSString+ListContains.h */ = {isa = PBXFileReference; fileEncoding = 4; lastKnownFileType = sourcecode.c.h; name = "NSString+ListContains.h"; path = "../../../../../Users/benjamin/Development/Personal/HudsonGrowl/NSString+ListContains.h"; sourceTree = "<group>"; };
		4317E1A11300C92B0073CEF9 /* NSString+ListContains.m */ = {isa = PBXFileReference; fileEncoding = 4; lastKnownFileType = sourcecode.c.objc; name = "NSString+ListContains.m"; path = "../../../../../Users/benjamin/Development/Personal/HudsonGrowl/NSString+ListContains.m"; sourceTree = "<group>"; };
		4317E1A31300C9350073CEF9 /* HudsonServer.h */ = {isa = PBXFileReference; fileEncoding = 4; lastKnownFileType = sourcecode.c.h; name = HudsonServer.h; path = ../../../../../Users/benjamin/Development/Personal/HudsonGrowl/HudsonServer.h; sourceTree = "<group>"; };
		4317E1A41300C9350073CEF9 /* HudsonServer.m */ = {isa = PBXFileReference; fileEncoding = 4; lastKnownFileType = sourcecode.c.objc; name = HudsonServer.m; path = ../../../../../Users/benjamin/Development/Personal/HudsonGrowl/HudsonServer.m; sourceTree = "<group>"; };
		4317E1A61300C9470073CEF9 /* HudsonJob.h */ = {isa = PBXFileReference; fileEncoding = 4; lastKnownFileType = sourcecode.c.h; name = HudsonJob.h; path = ../../../../../Users/benjamin/Development/Personal/HudsonGrowl/HudsonJob.h; sourceTree = "<group>"; };
		4317E1A71300C9470073CEF9 /* HudsonJob.m */ = {isa = PBXFileReference; fileEncoding = 4; lastKnownFileType = sourcecode.c.objc; name = HudsonJob.m; path = ../../../../../Users/benjamin/Development/Personal/HudsonGrowl/HudsonJob.m; sourceTree = "<group>"; };
		4317E1B213012C680073CEF9 /* NSString+Base64.h */ = {isa = PBXFileReference; fileEncoding = 4; lastKnownFileType = sourcecode.c.h; path = "NSString+Base64.h"; sourceTree = "<group>"; };
		4317E1B313012C680073CEF9 /* NSString+Base64.m */ = {isa = PBXFileReference; fileEncoding = 4; lastKnownFileType = sourcecode.c.objc; path = "NSString+Base64.m"; sourceTree = "<group>"; };
		433C0236118DC08E00A776D5 /* Gear.icns */ = {isa = PBXFileReference; lastKnownFileType = image.icns; name = Gear.icns; path = Resources/Gear.icns; sourceTree = "<group>"; };
		43590587108BB5CD006ABCD5 /* Growl.framework */ = {isa = PBXFileReference; lastKnownFileType = wrapper.framework; path = Growl.framework; sourceTree = "<group>"; };
		435905E6108BB6C8006ABCD5 /* HGrowl.h */ = {isa = PBXFileReference; fileEncoding = 4; lastKnownFileType = sourcecode.c.h; path = HGrowl.h; sourceTree = "<group>"; };
		435905E7108BB6C8006ABCD5 /* HGrowl.m */ = {isa = PBXFileReference; fileEncoding = 4; lastKnownFileType = sourcecode.c.objc; path = HGrowl.m; sourceTree = "<group>"; };
		4359061F108BB9F0006ABCD5 /* SynthesizeSingleton.h */ = {isa = PBXFileReference; fileEncoding = 4; lastKnownFileType = sourcecode.c.h; path = SynthesizeSingleton.h; sourceTree = "<group>"; };
		43590651108BBC8D006ABCD5 /* MyController.h */ = {isa = PBXFileReference; fileEncoding = 4; lastKnownFileType = sourcecode.c.h; path = MyController.h; sourceTree = "<group>"; };
		43590652108BBC8D006ABCD5 /* MyController.m */ = {isa = PBXFileReference; fileEncoding = 4; lastKnownFileType = sourcecode.c.objc; path = MyController.m; sourceTree = "<group>"; };
		435907F2108C4CD4006ABCD5 /* HudsonResult.h */ = {isa = PBXFileReference; fileEncoding = 4; lastKnownFileType = sourcecode.c.h; path = HudsonResult.h; sourceTree = "<group>"; };
		435907F3108C4CD4006ABCD5 /* HudsonResult.m */ = {isa = PBXFileReference; fileEncoding = 4; lastKnownFileType = sourcecode.c.objc; path = HudsonResult.m; sourceTree = "<group>"; };
		43590871108D0607006ABCD5 /* Cancel Red Button.png */ = {isa = PBXFileReference; lastKnownFileType = image.png; name = "Cancel Red Button.png"; path = "Resources/Cancel Red Button.png"; sourceTree = "<group>"; };
		43590872108D0607006ABCD5 /* Clear Green Button.png */ = {isa = PBXFileReference; lastKnownFileType = image.png; name = "Clear Green Button.png"; path = "Resources/Clear Green Button.png"; sourceTree = "<group>"; };
		4359087B108D087D006ABCD5 /* icon2_failure.png */ = {isa = PBXFileReference; lastKnownFileType = image.png; name = icon2_failure.png; path = Resources/icon2_failure.png; sourceTree = "<group>"; };
		4359087C108D087D006ABCD5 /* icon2_success.png */ = {isa = PBXFileReference; lastKnownFileType = image.png; name = icon2_success.png; path = Resources/icon2_success.png; sourceTree = "<group>"; };
		4359087D108D087D006ABCD5 /* icon2.png */ = {isa = PBXFileReference; lastKnownFileType = image.png; name = icon2.png; path = Resources/icon2.png; sourceTree = "<group>"; };
		43590883108D08F1006ABCD5 /* menu_failure.png */ = {isa = PBXFileReference; lastKnownFileType = image.png; name = menu_failure.png; path = Resources/menu_failure.png; sourceTree = "<group>"; };
		43590884108D08F1006ABCD5 /* menu_success.png */ = {isa = PBXFileReference; lastKnownFileType = image.png; name = menu_success.png; path = Resources/menu_success.png; sourceTree = "<group>"; };
		43BD7F9C118DAC3C00E04E4C /* HudsonAPIQuery.h */ = {isa = PBXFileReference; fileEncoding = 4; lastKnownFileType = sourcecode.c.h; path = HudsonAPIQuery.h; sourceTree = "<group>"; };
		43BD7F9D118DAC3C00E04E4C /* HudsonAPIQuery.m */ = {isa = PBXFileReference; fileEncoding = 4; lastKnownFileType = sourcecode.c.objc; path = HudsonAPIQuery.m; sourceTree = "<group>"; };
		43F8E99C1300B91B00BE37CF /* SimplePing.h */ = {isa = PBXFileReference; fileEncoding = 4; lastKnownFileType = sourcecode.c.h; path = SimplePing.h; sourceTree = "<group>"; };
		43F8E99D1300B91B00BE37CF /* SimplePing.m */ = {isa = PBXFileReference; fileEncoding = 4; lastKnownFileType = sourcecode.c.objc; path = SimplePing.m; sourceTree = "<group>"; };
		8BC7EF35117791F900BBE8F3 /* SystemConfiguration.framework */ = {isa = PBXFileReference; lastKnownFileType = wrapper.framework; name = SystemConfiguration.framework; path = System/Library/Frameworks/SystemConfiguration.framework; sourceTree = SDKROOT; };
		8D1107310486CEB800E47090 /* HudsonGrowl-Info.plist */ = {isa = PBXFileReference; fileEncoding = 4; lastKnownFileType = text.plist.xml; path = "HudsonGrowl-Info.plist"; sourceTree = "<group>"; };
		8D1107320486CEB800E47090 /* Hudson Notifier.app */ = {isa = PBXFileReference; explicitFileType = wrapper.application; includeInIndex = 0; path = "Hudson Notifier.app"; sourceTree = BUILT_PRODUCTS_DIR; };
/* End PBXFileReference section */

/* Begin PBXFrameworksBuildPhase section */
		8D11072E0486CEB800E47090 /* Frameworks */ = {
			isa = PBXFrameworksBuildPhase;
			buildActionMask = 2147483647;
			files = (
				8D11072F0486CEB800E47090 /* Cocoa.framework in Frameworks */,
				43590588108BB5CD006ABCD5 /* Growl.framework in Frameworks */,
				8BC7EF36117791F900BBE8F3 /* SystemConfiguration.framework in Frameworks */,
			);
			runOnlyForDeploymentPostprocessing = 0;
		};
/* End PBXFrameworksBuildPhase section */

/* Begin PBXGroup section */
		080E96DDFE201D6D7F000001 /* Classes */ = {
			isa = PBXGroup;
			children = (
				433C1EF0128F4B630084A264 /* Communication */,
				433C1EED128F4B420084A264 /* Controller */,
				433C1EF1128F4B830084A264 /* Extensions */,
				433C1EEF128F4B520084A264 /* Model */,
				433C1EF2128F4BA20084A264 /* Utilities */,
				256AC3D80F4B6AC300CF3369 /* HudsonGrowlAppDelegate.h */,
				256AC3D90F4B6AC300CF3369 /* HudsonGrowlAppDelegate.m */,
			);
			name = Classes;
			sourceTree = "<group>";
		};
		1058C7A0FEA54F0111CA2CBB /* Linked Frameworks */ = {
			isa = PBXGroup;
			children = (
				8BC7EF35117791F900BBE8F3 /* SystemConfiguration.framework */,
				43590587108BB5CD006ABCD5 /* Growl.framework */,
				1058C7A1FEA54F0111CA2CBB /* Cocoa.framework */,
			);
			name = "Linked Frameworks";
			sourceTree = "<group>";
		};
		1058C7A2FEA54F0111CA2CBB /* Other Frameworks */ = {
			isa = PBXGroup;
			children = (
				29B97324FDCFA39411CA2CEA /* AppKit.framework */,
				13E42FB307B3F0F600E4EEF1 /* CoreData.framework */,
				29B97325FDCFA39411CA2CEA /* Foundation.framework */,
			);
			name = "Other Frameworks";
			sourceTree = "<group>";
		};
		19C28FACFE9D520D11CA2CBB /* Products */ = {
			isa = PBXGroup;
			children = (
				8D1107320486CEB800E47090 /* Hudson Notifier.app */,
			);
			name = Products;
			sourceTree = "<group>";
		};
		29B97314FDCFA39411CA2CEA /* HudsonGrowl */ = {
			isa = PBXGroup;
			children = (
				080E96DDFE201D6D7F000001 /* Classes */,
				29B97315FDCFA39411CA2CEA /* Other Sources */,
				29B97317FDCFA39411CA2CEA /* Resources */,
				29B97323FDCFA39411CA2CEA /* Frameworks */,
				19C28FACFE9D520D11CA2CBB /* Products */,
			);
			name = HudsonGrowl;
			sourceTree = "<group>";
		};
		29B97315FDCFA39411CA2CEA /* Other Sources */ = {
			isa = PBXGroup;
			children = (
				256AC3F00F4B6AF500CF3369 /* HudsonGrowl_Prefix.pch */,
				29B97316FDCFA39411CA2CEA /* main.m */,
			);
			name = "Other Sources";
			sourceTree = "<group>";
		};
		29B97317FDCFA39411CA2CEA /* Resources */ = {
			isa = PBXGroup;
			children = (
				43590883108D08F1006ABCD5 /* menu_failure.png */,
				43590884108D08F1006ABCD5 /* menu_success.png */,
				4359087B108D087D006ABCD5 /* icon2_failure.png */,
				4359087C108D087D006ABCD5 /* icon2_success.png */,
				4359087D108D087D006ABCD5 /* icon2.png */,
				433C0236118DC08E00A776D5 /* Gear.icns */,
				43590871108D0607006ABCD5 /* Cancel Red Button.png */,
				43590872108D0607006ABCD5 /* Clear Green Button.png */,
				8D1107310486CEB800E47090 /* HudsonGrowl-Info.plist */,
				089C165CFE840E0CC02AAC07 /* InfoPlist.strings */,
				1DDD58140DA1D0A300B32029 /* MainMenu.xib */,
			);
			name = Resources;
			sourceTree = "<group>";
		};
		29B97323FDCFA39411CA2CEA /* Frameworks */ = {
			isa = PBXGroup;
			children = (
				1058C7A0FEA54F0111CA2CBB /* Linked Frameworks */,
				1058C7A2FEA54F0111CA2CBB /* Other Frameworks */,
			);
			name = Frameworks;
			sourceTree = "<group>";
		};
		433C1EED128F4B420084A264 /* Controller */ = {
			isa = PBXGroup;
			children = (
				43590651108BBC8D006ABCD5 /* MyController.h */,
				43590652108BBC8D006ABCD5 /* MyController.m */,
			);
			name = Controller;
			sourceTree = "<group>";
		};
		433C1EEF128F4B520084A264 /* Model */ = {
			isa = PBXGroup;
			children = (
				4317E1A61300C9470073CEF9 /* HudsonJob.h */,
				4317E1A71300C9470073CEF9 /* HudsonJob.m */,
				435907F2108C4CD4006ABCD5 /* HudsonResult.h */,
				435907F3108C4CD4006ABCD5 /* HudsonResult.m */,
				4317E1A31300C9350073CEF9 /* HudsonServer.h */,
				4317E1A41300C9350073CEF9 /* HudsonServer.m */,
			);
			name = Model;
			sourceTree = "<group>";
		};
		433C1EF0128F4B630084A264 /* Communication */ = {
			isa = PBXGroup;
			children = (
				43BD7F9C118DAC3C00E04E4C /* HudsonAPIQuery.h */,
				43BD7F9D118DAC3C00E04E4C /* HudsonAPIQuery.m */,
				43F8E99C1300B91B00BE37CF /* SimplePing.h */,
				43F8E99D1300B91B00BE37CF /* SimplePing.m */,
			);
			name = Communication;
			sourceTree = "<group>";
		};
		433C1EF1128F4B830084A264 /* Extensions */ = {
			isa = PBXGroup;
			children = (
				4317E1B213012C680073CEF9 /* NSString+Base64.h */,
				4317E1B313012C680073CEF9 /* NSString+Base64.m */,
				4317E1A01300C92B0073CEF9 /* NSString+ListContains.h */,
				4317E1A11300C92B0073CEF9 /* NSString+ListContains.m */,
			);
			name = Extensions;
			sourceTree = "<group>";
		};
		433C1EF2128F4BA20084A264 /* Utilities */ = {
			isa = PBXGroup;
			children = (
				4359061F108BB9F0006ABCD5 /* SynthesizeSingleton.h */,
				435905E6108BB6C8006ABCD5 /* HGrowl.h */,
				435905E7108BB6C8006ABCD5 /* HGrowl.m */,
			);
			name = Utilities;
			sourceTree = "<group>";
		};
/* End PBXGroup section */

/* Begin PBXNativeTarget section */
		8D1107260486CEB800E47090 /* Hudson Notifier */ = {
			isa = PBXNativeTarget;
			buildConfigurationList = C01FCF4A08A954540054247B /* Build configuration list for PBXNativeTarget "Hudson Notifier" */;
			buildPhases = (
				8D1107290486CEB800E47090 /* Resources */,
				8D11072C0486CEB800E47090 /* Sources */,
				8D11072E0486CEB800E47090 /* Frameworks */,
				435905E3108BB682006ABCD5 /* CopyFiles */,
			);
			buildRules = (
			);
			dependencies = (
			);
			name = "Hudson Notifier";
			productInstallPath = "$(HOME)/Applications";
			productName = HudsonGrowl;
			productReference = 8D1107320486CEB800E47090 /* Hudson Notifier.app */;
			productType = "com.apple.product-type.application";
		};
/* End PBXNativeTarget section */

/* Begin PBXProject section */
		29B97313FDCFA39411CA2CEA /* Project object */ = {
			isa = PBXProject;
			buildConfigurationList = C01FCF4E08A954540054247B /* Build configuration list for PBXProject "HudsonGrowl" */;
			compatibilityVersion = "Xcode 3.1";
			developmentRegion = English;
			hasScannedForEncodings = 1;
			knownRegions = (
				en,
			);
			mainGroup = 29B97314FDCFA39411CA2CEA /* HudsonGrowl */;
			projectDirPath = "";
			projectRoot = "";
			targets = (
				8D1107260486CEB800E47090 /* Hudson Notifier */,
			);
		};
/* End PBXProject section */

/* Begin PBXResourcesBuildPhase section */
		8D1107290486CEB800E47090 /* Resources */ = {
			isa = PBXResourcesBuildPhase;
			buildActionMask = 2147483647;
			files = (
				8D11072B0486CEB800E47090 /* InfoPlist.strings in Resources */,
				1DDD58160DA1D0A300B32029 /* MainMenu.xib in Resources */,
				43590873108D0607006ABCD5 /* Cancel Red Button.png in Resources */,
				43590874108D0607006ABCD5 /* Clear Green Button.png in Resources */,
				4359087E108D087D006ABCD5 /* icon2_failure.png in Resources */,
				4359087F108D087D006ABCD5 /* icon2_success.png in Resources */,
				43590880108D087D006ABCD5 /* icon2.png in Resources */,
				43590885108D08F1006ABCD5 /* menu_failure.png in Resources */,
				43590886108D08F1006ABCD5 /* menu_success.png in Resources */,
				433C0237118DC08E00A776D5 /* Gear.icns in Resources */,
			);
			runOnlyForDeploymentPostprocessing = 0;
		};
/* End PBXResourcesBuildPhase section */

/* Begin PBXSourcesBuildPhase section */
		8D11072C0486CEB800E47090 /* Sources */ = {
			isa = PBXSourcesBuildPhase;
			buildActionMask = 2147483647;
			files = (
				8D11072D0486CEB800E47090 /* main.m in Sources */,
				256AC3DA0F4B6AC300CF3369 /* HudsonGrowlAppDelegate.m in Sources */,
				435905E8108BB6C8006ABCD5 /* HGrowl.m in Sources */,
				43590653108BBC8D006ABCD5 /* MyController.m in Sources */,
				435907F4108C4CD4006ABCD5 /* HudsonResult.m in Sources */,
				43BD7F9E118DAC3C00E04E4C /* HudsonAPIQuery.m in Sources */,
				43F8E99E1300B91B00BE37CF /* SimplePing.m in Sources */,
				4317E1A21300C92B0073CEF9 /* NSString+ListContains.m in Sources */,
				4317E1A51300C9350073CEF9 /* HudsonServer.m in Sources */,
				4317E1A81300C9470073CEF9 /* HudsonJob.m in Sources */,
				4317E1B413012C680073CEF9 /* NSString+Base64.m in Sources */,
			);
			runOnlyForDeploymentPostprocessing = 0;
		};
/* End PBXSourcesBuildPhase section */

/* Begin PBXVariantGroup section */
		089C165CFE840E0CC02AAC07 /* InfoPlist.strings */ = {
			isa = PBXVariantGroup;
			children = (
				089C165DFE840E0CC02AAC07 /* English */,
			);
			name = InfoPlist.strings;
			sourceTree = "<group>";
		};
		1DDD58140DA1D0A300B32029 /* MainMenu.xib */ = {
			isa = PBXVariantGroup;
			children = (
				1DDD58150DA1D0A300B32029 /* English */,
			);
			name = MainMenu.xib;
			sourceTree = "<group>";
		};
/* End PBXVariantGroup section */

/* Begin XCBuildConfiguration section */
		C01FCF4B08A954540054247B /* Debug */ = {
			isa = XCBuildConfiguration;
			buildSettings = {
				ALWAYS_SEARCH_USER_PATHS = NO;
				ARCHS = "$(ARCHS_STANDARD_32_64_BIT)";
				COPY_PHASE_STRIP = NO;
				FRAMEWORK_SEARCH_PATHS = (
					"$(inherited)",
					"\"$(SRCROOT)\"",
				);
				GCC_DYNAMIC_NO_PIC = NO;
				GCC_ENABLE_FIX_AND_CONTINUE = YES;
				GCC_MODEL_TUNING = G5;
				GCC_OPTIMIZATION_LEVEL = 0;
				GCC_PRECOMPILE_PREFIX_HEADER = YES;
				GCC_PREFIX_HEADER = HudsonGrowl_Prefix.pch;
				INFOPLIST_FILE = "HudsonGrowl-Info.plist";
				INSTALL_PATH = "$(HOME)/Applications";
				PRODUCT_NAME = "Hudson Notifier";
				SDKROOT = macosx10.6;
			};
			name = Debug;
		};
		C01FCF4C08A954540054247B /* Release */ = {
			isa = XCBuildConfiguration;
			buildSettings = {
				ALWAYS_SEARCH_USER_PATHS = NO;
				ARCHS = "$(ARCHS_STANDARD_32_64_BIT)";
				DEBUG_INFORMATION_FORMAT = "dwarf-with-dsym";
				FRAMEWORK_SEARCH_PATHS = (
					"$(inherited)",
					"\"$(SRCROOT)\"",
				);
				GCC_MODEL_TUNING = G5;
				GCC_PRECOMPILE_PREFIX_HEADER = YES;
				GCC_PREFIX_HEADER = HudsonGrowl_Prefix.pch;
				INFOPLIST_FILE = "HudsonGrowl-Info.plist";
				INSTALL_PATH = "$(HOME)/Applications";
				PRODUCT_NAME = "Hudson Notifier";
				SDKROOT = macosx10.6;
			};
			name = Release;
		};
		C01FCF4F08A954540054247B /* Debug */ = {
			isa = XCBuildConfiguration;
			buildSettings = {
				ARCHS = "$(ARCHS_STANDARD_32_64_BIT)";
				GCC_C_LANGUAGE_STANDARD = gnu99;
				GCC_OPTIMIZATION_LEVEL = 0;
				GCC_WARN_ABOUT_RETURN_TYPE = YES;
				GCC_WARN_UNUSED_VARIABLE = YES;
				ONLY_ACTIVE_ARCH = YES;
				PREBINDING = NO;
				RUN_CLANG_STATIC_ANALYZER = YES;
				SDKROOT = macosx10.6;
			};
			name = Debug;
		};
		C01FCF5008A954540054247B /* Release */ = {
			isa = XCBuildConfiguration;
			buildSettings = {
				ARCHS = "$(ARCHS_STANDARD_32_64_BIT)";
				GCC_C_LANGUAGE_STANDARD = gnu99;
				GCC_WARN_ABOUT_RETURN_TYPE = YES;
				GCC_WARN_UNUSED_VARIABLE = YES;
				PREBINDING = NO;
				RUN_CLANG_STATIC_ANALYZER = YES;
				SDKROOT = macosx10.6;
			};
			name = Release;
		};
/* End XCBuildConfiguration section */

/* Begin XCConfigurationList section */
		C01FCF4A08A954540054247B /* Build configuration list for PBXNativeTarget "Hudson Notifier" */ = {
			isa = XCConfigurationList;
			buildConfigurations = (
				C01FCF4B08A954540054247B /* Debug */,
				C01FCF4C08A954540054247B /* Release */,
			);
			defaultConfigurationIsVisible = 0;
			defaultConfigurationName = Release;
		};
		C01FCF4E08A954540054247B /* Build configuration list for PBXProject "HudsonGrowl" */ = {
			isa = XCConfigurationList;
			buildConfigurations = (
				C01FCF4F08A954540054247B /* Debug */,
				C01FCF5008A954540054247B /* Release */,
			);
			defaultConfigurationIsVisible = 0;
			defaultConfigurationName = Release;
		};
/* End XCConfigurationList section */
	};
	rootObject = 29B97313FDCFA39411CA2CEA /* Project object */;
}
